// !$*UTF8*$!
{
	archiveVersion = 1;
	classes = {
	};
	objectVersion = 50;
	objects = {

/* Begin PBXBuildFile section */
		18C355F32123274700B08750 /* AppDelegate.m in Sources */ = {isa = PBXBuildFile; fileRef = 18C355F22123274700B08750 /* AppDelegate.m */; };
		18C355F62123274700B08750 /* ViewController.m in Sources */ = {isa = PBXBuildFile; fileRef = 18C355F52123274700B08750 /* ViewController.m */; };
		18C355F92123274700B08750 /* Main.storyboard in Resources */ = {isa = PBXBuildFile; fileRef = 18C355F72123274700B08750 /* Main.storyboard */; };
		18C355FB2123274800B08750 /* Assets.xcassets in Resources */ = {isa = PBXBuildFile; fileRef = 18C355FA2123274800B08750 /* Assets.xcassets */; };
		18C355FE2123274800B08750 /* LaunchScreen.storyboard in Resources */ = {isa = PBXBuildFile; fileRef = 18C355FC2123274800B08750 /* LaunchScreen.storyboard */; };
		18C356012123274800B08750 /* main.m in Sources */ = {isa = PBXBuildFile; fileRef = 18C356002123274800B08750 /* main.m */; };
		18C3560B2123274800B08750 /* TestTests.m in Sources */ = {isa = PBXBuildFile; fileRef = 18C3560A2123274800B08750 /* TestTests.m */; };
		18C356162123274800B08750 /* TestUITests.m in Sources */ = {isa = PBXBuildFile; fileRef = 18C356152123274800B08750 /* TestUITests.m */; };
		18C356252123275700B08750 /* TestViewController.m in Sources */ = {isa = PBXBuildFile; fileRef = 18C356242123275700B08750 /* TestViewController.m */; };
/* End PBXBuildFile section */

/* Begin PBXContainerItemProxy section */
		18C356072123274800B08750 /* PBXContainerItemProxy */ = {
			isa = PBXContainerItemProxy;
			containerPortal = 18C355E62123274700B08750 /* Project object */;
			proxyType = 1;
			remoteGlobalIDString = 18C355ED2123274700B08750;
			remoteInfo = Test;
		};
		18C356122123274800B08750 /* PBXContainerItemProxy */ = {
			isa = PBXContainerItemProxy;
			containerPortal = 18C355E62123274700B08750 /* Project object */;
			proxyType = 1;
			remoteGlobalIDString = 18C355ED2123274700B08750;
			remoteInfo = Test;
		};
/* End PBXContainerItemProxy section */

/* Begin PBXFileReference section */
		18C355EE2123274700B08750 /* Test.app */ = {isa = PBXFileReference; explicitFileType = wrapper.application; includeInIndex = 0; path = Test.app; sourceTree = BUILT_PRODUCTS_DIR; };
		18C355F12123274700B08750 /* AppDelegate.h */ = {isa = PBXFileReference; lastKnownFileType = sourcecode.c.h; path = AppDelegate.h; sourceTree = "<group>"; };
		18C355F22123274700B08750 /* AppDelegate.m */ = {isa = PBXFileReference; lastKnownFileType = sourcecode.c.objc; path = AppDelegate.m; sourceTree = "<group>"; };
		18C355F42123274700B08750 /* ViewController.h */ = {isa = PBXFileReference; lastKnownFileType = sourcecode.c.h; path = ViewController.h; sourceTree = "<group>"; };
		18C355F52123274700B08750 /* ViewController.m */ = {isa = PBXFileReference; lastKnownFileType = sourcecode.c.objc; path = ViewController.m; sourceTree = "<group>"; };
		18C355F82123274700B08750 /* Base */ = {isa = PBXFileReference; lastKnownFileType = file.storyboard; name = Base; path = Base.lproj/Main.storyboard; sourceTree = "<group>"; };
		18C355FA2123274800B08750 /* Assets.xcassets */ = {isa = PBXFileReference; lastKnownFileType = folder.assetcatalog; path = Assets.xcassets; sourceTree = "<group>"; };
		18C355FD2123274800B08750 /* Base */ = {isa = PBXFileReference; lastKnownFileType = file.storyboard; name = Base; path = Base.lproj/LaunchScreen.storyboard; sourceTree = "<group>"; };
		18C355FF2123274800B08750 /* Info.plist */ = {isa = PBXFileReference; lastKnownFileType = text.plist.xml; path = Info.plist; sourceTree = "<group>"; };
		18C356002123274800B08750 /* main.m */ = {isa = PBXFileReference; lastKnownFileType = sourcecode.c.objc; path = main.m; sourceTree = "<group>"; };
		18C356062123274800B08750 /* TestTests.xctest */ = {isa = PBXFileReference; explicitFileType = wrapper.cfbundle; includeInIndex = 0; path = TestTests.xctest; sourceTree = BUILT_PRODUCTS_DIR; };
		18C3560A2123274800B08750 /* TestTests.m */ = {isa = PBXFileReference; lastKnownFileType = sourcecode.c.objc; path = TestTests.m; sourceTree = "<group>"; };
		18C3560C2123274800B08750 /* Info.plist */ = {isa = PBXFileReference; lastKnownFileType = text.plist.xml; path = Info.plist; sourceTree = "<group>"; };
		18C356112123274800B08750 /* TestUITests.xctest */ = {isa = PBXFileReference; explicitFileType = wrapper.cfbundle; includeInIndex = 0; path = TestUITests.xctest; sourceTree = BUILT_PRODUCTS_DIR; };
		18C356152123274800B08750 /* TestUITests.m */ = {isa = PBXFileReference; lastKnownFileType = sourcecode.c.objc; path = TestUITests.m; sourceTree = "<group>"; };
		18C356172123274800B08750 /* Info.plist */ = {isa = PBXFileReference; lastKnownFileType = text.plist.xml; path = Info.plist; sourceTree = "<group>"; };
		18C356232123275700B08750 /* TestViewController.h */ = {isa = PBXFileReference; lastKnownFileType = sourcecode.c.h; path = TestViewController.h; sourceTree = "<group>"; };
		18C356242123275700B08750 /* TestViewController.m */ = {isa = PBXFileReference; lastKnownFileType = sourcecode.c.objc; path = TestViewController.m; sourceTree = "<group>"; };
/* End PBXFileReference section */

/* Begin PBXFrameworksBuildPhase section */
		18C355EB2123274700B08750 /* Frameworks */ = {
			isa = PBXFrameworksBuildPhase;
			buildActionMask = 2147483647;
			files = (
			);
			runOnlyForDeploymentPostprocessing = 0;
		};
		18C356032123274800B08750 /* Frameworks */ = {
			isa = PBXFrameworksBuildPhase;
			buildActionMask = 2147483647;
			files = (
			);
			runOnlyForDeploymentPostprocessing = 0;
		};
		18C3560E2123274800B08750 /* Frameworks */ = {
			isa = PBXFrameworksBuildPhase;
			buildActionMask = 2147483647;
			files = (
			);
			runOnlyForDeploymentPostprocessing = 0;
		};
/* End PBXFrameworksBuildPhase section */

/* Begin PBXGroup section */
		18C355E52123274700B08750 = {
			isa = PBXGroup;
			children = (
				18C355F02123274700B08750 /* Test */,
				18C356092123274800B08750 /* TestTests */,
				18C356142123274800B08750 /* TestUITests */,
				18C355EF2123274700B08750 /* Products */,
			);
			sourceTree = "<group>";
		};
		18C355EF2123274700B08750 /* Products */ = {
			isa = PBXGroup;
			children = (
				18C355EE2123274700B08750 /* Test.app */,
				18C356062123274800B08750 /* TestTests.xctest */,
				18C356112123274800B08750 /* TestUITests.xctest */,
			);
			name = Products;
			sourceTree = "<group>";
		};
		18C355F02123274700B08750 /* Test */ = {
			isa = PBXGroup;
			children = (
				18C355F12123274700B08750 /* AppDelegate.h */,
				18C355F22123274700B08750 /* AppDelegate.m */,
				18C355F42123274700B08750 /* ViewController.h */,
				18C355F52123274700B08750 /* ViewController.m */,
				18C356232123275700B08750 /* TestViewController.h */,
				18C356242123275700B08750 /* TestViewController.m */,
				18C355F72123274700B08750 /* Main.storyboard */,
				18C355FA2123274800B08750 /* Assets.xcassets */,
				18C355FC2123274800B08750 /* LaunchScreen.storyboard */,
				18C355FF2123274800B08750 /* Info.plist */,
				18C356002123274800B08750 /* main.m */,
			);
			path = Test;
			sourceTree = "<group>";
		};
		18C356092123274800B08750 /* TestTests */ = {
			isa = PBXGroup;
			children = (
				18C3560A2123274800B08750 /* TestTests.m */,
				18C3560C2123274800B08750 /* Info.plist */,
			);
			path = TestTests;
			sourceTree = "<group>";
		};
		18C356142123274800B08750 /* TestUITests */ = {
			isa = PBXGroup;
			children = (
				18C356152123274800B08750 /* TestUITests.m */,
				18C356172123274800B08750 /* Info.plist */,
			);
			path = TestUITests;
			sourceTree = "<group>";
		};
/* End PBXGroup section */

/* Begin PBXNativeTarget section */
		18C355ED2123274700B08750 /* Test */ = {
			isa = PBXNativeTarget;
			buildConfigurationList = 18C3561A2123274800B08750 /* Build configuration list for PBXNativeTarget "Test" */;
			buildPhases = (
				18C355EA2123274700B08750 /* Sources */,
				18C355EB2123274700B08750 /* Frameworks */,
				18C355EC2123274700B08750 /* Resources */,
			);
			buildRules = (
			);
			dependencies = (
			);
			name = Test;
			productName = Test;
			productReference = 18C355EE2123274700B08750 /* Test.app */;
			productType = "com.apple.product-type.application";
		};
		18C356052123274800B08750 /* TestTests */ = {
			isa = PBXNativeTarget;
			buildConfigurationList = 18C3561D2123274800B08750 /* Build configuration list for PBXNativeTarget "TestTests" */;
			buildPhases = (
				18C356022123274800B08750 /* Sources */,
				18C356032123274800B08750 /* Frameworks */,
				18C356042123274800B08750 /* Resources */,
			);
			buildRules = (
			);
			dependencies = (
				18C356082123274800B08750 /* PBXTargetDependency */,
			);
			name = TestTests;
			productName = TestTests;
			productReference = 18C356062123274800B08750 /* TestTests.xctest */;
			productType = "com.apple.product-type.bundle.unit-test";
		};
		18C356102123274800B08750 /* TestUITests */ = {
			isa = PBXNativeTarget;
			buildConfigurationList = 18C356202123274800B08750 /* Build configuration list for PBXNativeTarget "TestUITests" */;
			buildPhases = (
				18C3560D2123274800B08750 /* Sources */,
				18C3560E2123274800B08750 /* Frameworks */,
				18C3560F2123274800B08750 /* Resources */,
			);
			buildRules = (
			);
			dependencies = (
				18C356132123274800B08750 /* PBXTargetDependency */,
			);
			name = TestUITests;
			productName = TestUITests;
			productReference = 18C356112123274800B08750 /* TestUITests.xctest */;
			productType = "com.apple.product-type.bundle.ui-testing";
		};
/* End PBXNativeTarget section */

/* Begin PBXProject section */
		18C355E62123274700B08750 /* Project object */ = {
			isa = PBXProject;
			attributes = {
				LastUpgradeCheck = 0940;
				ORGANIZATIONNAME = apple;
				TargetAttributes = {
					18C355ED2123274700B08750 = {
						CreatedOnToolsVersion = 9.4.1;
					};
					18C356052123274800B08750 = {
						CreatedOnToolsVersion = 9.4.1;
						TestTargetID = 18C355ED2123274700B08750;
					};
					18C356102123274800B08750 = {
						CreatedOnToolsVersion = 9.4.1;
						TestTargetID = 18C355ED2123274700B08750;
					};
				};
			};
			buildConfigurationList = 18C355E92123274700B08750 /* Build configuration list for PBXProject "Test" */;
			compatibilityVersion = "Xcode 9.3";
			developmentRegion = en;
			hasScannedForEncodings = 0;
			knownRegions = (
				en,
				Base,
			);
			mainGroup = 18C355E52123274700B08750;
			productRefGroup = 18C355EF2123274700B08750 /* Products */;
			projectDirPath = "";
			projectRoot = "";
			targets = (
				18C355ED2123274700B08750 /* Test */,
				18C356052123274800B08750 /* TestTests */,
				18C356102123274800B08750 /* TestUITests */,
			);
		};
/* End PBXProject section */

/* Begin PBXResourcesBuildPhase section */
		18C355EC2123274700B08750 /* Resources */ = {
			isa = PBXResourcesBuildPhase;
			buildActionMask = 2147483647;
			files = (
				18C355FE2123274800B08750 /* LaunchScreen.storyboard in Resources */,
				18C355FB2123274800B08750 /* Assets.xcassets in Resources */,
				18C355F92123274700B08750 /* Main.storyboard in Resources */,
			);
			runOnlyForDeploymentPostprocessing = 0;
		};
		18C356042123274800B08750 /* Resources */ = {
			isa = PBXResourcesBuildPhase;
			buildActionMask = 2147483647;
			files = (
			);
			runOnlyForDeploymentPostprocessing = 0;
		};
		18C3560F2123274800B08750 /* Resources */ = {
			isa = PBXResourcesBuildPhase;
			buildActionMask = 2147483647;
			files = (
			);
			runOnlyForDeploymentPostprocessing = 0;
		};
/* End PBXResourcesBuildPhase section */

/* Begin PBXSourcesBuildPhase section */
		18C355EA2123274700B08750 /* Sources */ = {
			isa = PBXSourcesBuildPhase;
			buildActionMask = 2147483647;
			files = (
				18C355F62123274700B08750 /* ViewController.m in Sources */,
				18C356012123274800B08750 /* main.m in Sources */,
				18C356252123275700B08750 /* TestViewController.m in Sources */,
				18C355F32123274700B08750 /* AppDelegate.m in Sources */,
			);
			runOnlyForDeploymentPostprocessing = 0;
		};
		18C356022123274800B08750 /* Sources */ = {
			isa = PBXSourcesBuildPhase;
			buildActionMask = 2147483647;
			files = (
				18C3560B2123274800B08750 /* TestTests.m in Sources */,
			);
			runOnlyForDeploymentPostprocessing = 0;
		};
		18C3560D2123274800B08750 /* Sources */ = {
			isa = PBXSourcesBuildPhase;
			buildActionMask = 2147483647;
			files = (
				18C356162123274800B08750 /* TestUITests.m in Sources */,
			);
			runOnlyForDeploymentPostprocessing = 0;
		};
/* End PBXSourcesBuildPhase section */

/* Begin PBXTargetDependency section */
		18C356082123274800B08750 /* PBXTargetDependency */ = {
			isa = PBXTargetDependency;
			target = 18C355ED2123274700B08750 /* Test */;
			targetProxy = 18C356072123274800B08750 /* PBXContainerItemProxy */;
		};
		18C356132123274800B08750 /* PBXTargetDependency */ = {
			isa = PBXTargetDependency;
			target = 18C355ED2123274700B08750 /* Test */;
			targetProxy = 18C356122123274800B08750 /* PBXContainerItemProxy */;
		};
/* End PBXTargetDependency section */

/* Begin PBXVariantGroup section */
		18C355F72123274700B08750 /* Main.storyboard */ = {
			isa = PBXVariantGroup;
			children = (
				18C355F82123274700B08750 /* Base */,
			);
			name = Main.storyboard;
			sourceTree = "<group>";
		};
		18C355FC2123274800B08750 /* LaunchScreen.storyboard */ = {
			isa = PBXVariantGroup;
			children = (
				18C355FD2123274800B08750 /* Base */,
			);
			name = LaunchScreen.storyboard;
			sourceTree = "<group>";
		};
/* End PBXVariantGroup section */

/* Begin XCBuildConfiguration section */
		18C356182123274800B08750 /* Debug */ = {
			isa = XCBuildConfiguration;
			buildSettings = {
				ALWAYS_SEARCH_USER_PATHS = NO;
				CLANG_ANALYZER_NONNULL = YES;
				CLANG_ANALYZER_NUMBER_OBJECT_CONVERSION = YES_AGGRESSIVE;
				CLANG_CXX_LANGUAGE_STANDARD = "gnu++14";
				CLANG_CXX_LIBRARY = "libc++";
				CLANG_ENABLE_MODULES = YES;
				CLANG_ENABLE_OBJC_ARC = YES;
				CLANG_ENABLE_OBJC_WEAK = YES;
				CLANG_WARN_BLOCK_CAPTURE_AUTORELEASING = YES;
				CLANG_WARN_BOOL_CONVERSION = YES;
				CLANG_WARN_COMMA = YES;
				CLANG_WARN_CONSTANT_CONVERSION = YES;
				CLANG_WARN_DEPRECATED_OBJC_IMPLEMENTATIONS = YES;
				CLANG_WARN_DIRECT_OBJC_ISA_USAGE = YES_ERROR;
				CLANG_WARN_DOCUMENTATION_COMMENTS = YES;
				CLANG_WARN_EMPTY_BODY = YES;
				CLANG_WARN_ENUM_CONVERSION = YES;
				CLANG_WARN_INFINITE_RECURSION = YES;
				CLANG_WARN_INT_CONVERSION = YES;
				CLANG_WARN_NON_LITERAL_NULL_CONVERSION = YES;
				CLANG_WARN_OBJC_IMPLICIT_RETAIN_SELF = YES;
				CLANG_WARN_OBJC_LITERAL_CONVERSION = YES;
				CLANG_WARN_OBJC_ROOT_CLASS = YES_ERROR;
				CLANG_WARN_RANGE_LOOP_ANALYSIS = YES;
				CLANG_WARN_STRICT_PROTOTYPES = YES;
				CLANG_WARN_SUSPICIOUS_MOVE = YES;
				CLANG_WARN_UNGUARDED_AVAILABILITY = YES_AGGRESSIVE;
				CLANG_WARN_UNREACHABLE_CODE = YES;
				CLANG_WARN__DUPLICATE_METHOD_MATCH = YES;
				CODE_SIGN_IDENTITY = "iPhone Developer";
				COPY_PHASE_STRIP = NO;
				DEBUG_INFORMATION_FORMAT = dwarf;
				ENABLE_STRICT_OBJC_MSGSEND = YES;
				ENABLE_TESTABILITY = YES;
				GCC_C_LANGUAGE_STANDARD = gnu11;
				GCC_DYNAMIC_NO_PIC = NO;
				GCC_NO_COMMON_BLOCKS = YES;
				GCC_OPTIMIZATION_LEVEL = 0;
				GCC_PREPROCESSOR_DEFINITIONS = (
					"DEBUG=1",
					"$(inherited)",
				);
				GCC_WARN_64_TO_32_BIT_CONVERSION = YES;
				GCC_WARN_ABOUT_RETURN_TYPE = YES_ERROR;
				GCC_WARN_UNDECLARED_SELECTOR = YES;
				GCC_WARN_UNINITIALIZED_AUTOS = YES_AGGRESSIVE;
				GCC_WARN_UNUSED_FUNCTION = YES;
				GCC_WARN_UNUSED_VARIABLE = YES;
				IPHONEOS_DEPLOYMENT_TARGET = 11.4;
				MTL_ENABLE_DEBUG_INFO = YES;
				ONLY_ACTIVE_ARCH = YES;
				SDKROOT = iphoneos;
			};
			name = Debug;
		};
		18C356192123274800B08750 /* Release */ = {
			isa = XCBuildConfiguration;
			buildSettings = {
				ALWAYS_SEARCH_USER_PATHS = NO;
				CLANG_ANALYZER_NONNULL = YES;
				CLANG_ANALYZER_NUMBER_OBJECT_CONVERSION = YES_AGGRESSIVE;
				CLANG_CXX_LANGUAGE_STANDARD = "gnu++14";
				CLANG_CXX_LIBRARY = "libc++";
				CLANG_ENABLE_MODULES = YES;
				CLANG_ENABLE_OBJC_ARC = YES;
				CLANG_ENABLE_OBJC_WEAK = YES;
				CLANG_WARN_BLOCK_CAPTURE_AUTORELEASING = YES;
				CLANG_WARN_BOOL_CONVERSION = YES;
				CLANG_WARN_COMMA = YES;
				CLANG_WARN_CONSTANT_CONVERSION = YES;
				CLANG_WARN_DEPRECATED_OBJC_IMPLEMENTATIONS = YES;
				CLANG_WARN_DIRECT_OBJC_ISA_USAGE = YES_ERROR;
				CLANG_WARN_DOCUMENTATION_COMMENTS = YES;
				CLANG_WARN_EMPTY_BODY = YES;
				CLANG_WARN_ENUM_CONVERSION = YES;
				CLANG_WARN_INFINITE_RECURSION = YES;
				CLANG_WARN_INT_CONVERSION = YES;
				CLANG_WARN_NON_LITERAL_NULL_CONVERSION = YES;
				CLANG_WARN_OBJC_IMPLICIT_RETAIN_SELF = YES;
				CLANG_WARN_OBJC_LITERAL_CONVERSION = YES;
				CLANG_WARN_OBJC_ROOT_CLASS = YES_ERROR;
				CLANG_WARN_RANGE_LOOP_ANALYSIS = YES;
				CLANG_WARN_STRICT_PROTOTYPES = YES;
				CLANG_WARN_SUSPICIOUS_MOVE = YES;
				CLANG_WARN_UNGUARDED_AVAILABILITY = YES_AGGRESSIVE;
				CLANG_WARN_UNREACHABLE_CODE = YES;
				CLANG_WARN__DUPLICATE_METHOD_MATCH = YES;
				CODE_SIGN_IDENTITY = "iPhone Developer";
				COPY_PHASE_STRIP = NO;
				DEBUG_INFORMATION_FORMAT = "dwarf-with-dsym";
				ENABLE_NS_ASSERTIONS = NO;
				ENABLE_STRICT_OBJC_MSGSEND = YES;
				GCC_C_LANGUAGE_STANDARD = gnu11;
				GCC_NO_COMMON_BLOCKS = YES;
				GCC_WARN_64_TO_32_BIT_CONVERSION = YES;
				GCC_WARN_ABOUT_RETURN_TYPE = YES_ERROR;
				GCC_WARN_UNDECLARED_SELECTOR = YES;
				GCC_WARN_UNINITIALIZED_AUTOS = YES_AGGRESSIVE;
				GCC_WARN_UNUSED_FUNCTION = YES;
				GCC_WARN_UNUSED_VARIABLE = YES;
				IPHONEOS_DEPLOYMENT_TARGET = 11.4;
				MTL_ENABLE_DEBUG_INFO = NO;
				SDKROOT = iphoneos;
				VALIDATE_PRODUCT = YES;
			};
			name = Release;
		};
		18C3561B2123274800B08750 /* Debug */ = {
			isa = XCBuildConfiguration;
			buildSettings = {
				ASSETCATALOG_COMPILER_APPICON_NAME = AppIcon;
				CODE_SIGN_STYLE = Automatic;
				INFOPLIST_FILE = Test/Info.plist;
				LD_RUNPATH_SEARCH_PATHS = (
					"$(inherited)",
					"@executable_path/Frameworks",
				);
				PRODUCT_BUNDLE_IDENTIFIER = com.ingageapp.Test;
				PRODUCT_NAME = "$(TARGET_NAME)";
				TARGETED_DEVICE_FAMILY = "1,2";
			};
			name = Debug;
		};
		18C3561C2123274800B08750 /* Release */ = {
			isa = XCBuildConfiguration;
			buildSettings = {
				ASSETCATALOG_COMPILER_APPICON_NAME = AppIcon;
				CODE_SIGN_STYLE = Automatic;
				INFOPLIST_FILE = Test/Info.plist;
				LD_RUNPATH_SEARCH_PATHS = (
					"$(inherited)",
					"@executable_path/Frameworks",
				);
				PRODUCT_BUNDLE_IDENTIFIER = com.ingageapp.Test;
				PRODUCT_NAME = "$(TARGET_NAME)";
				TARGETED_DEVICE_FAMILY = "1,2";
			};
			name = Release;
		};
		18C3561E2123274800B08750 /* Debug */ = {
			isa = XCBuildConfiguration;
			buildSettings = {
				BUNDLE_LOADER = "$(TEST_HOST)";
				CODE_SIGN_STYLE = Automatic;
				INFOPLIST_FILE = TestTests/Info.plist;
				LD_RUNPATH_SEARCH_PATHS = (
					"$(inherited)",
					"@executable_path/Frameworks",
					"@loader_path/Frameworks",
				);
				PRODUCT_BUNDLE_IDENTIFIER = com.ingageapp.TestTests;
				PRODUCT_NAME = "$(TARGET_NAME)";
				TARGETED_DEVICE_FAMILY = "1,2";
				TEST_HOST = "$(BUILT_PRODUCTS_DIR)/Test.app/Test";
			};
			name = Debug;
		};
		18C3561F2123274800B08750 /* Release */ = {
			isa = XCBuildConfiguration;
			buildSettings = {
				BUNDLE_LOADER = "$(TEST_HOST)";
				CODE_SIGN_STYLE = Automatic;
				INFOPLIST_FILE = TestTests/Info.plist;
				LD_RUNPATH_SEARCH_PATHS = (
					"$(inherited)",
					"@executable_path/Frameworks",
					"@loader_path/Frameworks",
				);
				PRODUCT_BUNDLE_IDENTIFIER = com.ingageapp.TestTests;
				PRODUCT_NAME = "$(TARGET_NAME)";
				TARGETED_DEVICE_FAMILY = "1,2";
				TEST_HOST = "$(BUILT_PRODUCTS_DIR)/Test.app/Test";
			};
			name = Release;
		};
		18C356212123274800B08750 /* Debug */ = {
			isa = XCBuildConfiguration;
			buildSettings = {
				CODE_SIGN_STYLE = Automatic;
				INFOPLIST_FILE = TestUITests/Info.plist;
				LD_RUNPATH_SEARCH_PATHS = (
					"$(inherited)",
					"@executable_path/Frameworks",
					"@loader_path/Frameworks",
				);
				PRODUCT_BUNDLE_IDENTIFIER = com.ingageapp.TestUITests;
				PRODUCT_NAME = "$(TARGET_NAME)";
				TARGETED_DEVICE_FAMILY = "1,2";
				TEST_TARGET_NAME = Test;
			};
			name = Debug;
		};
		18C356222123274800B08750 /* Release */ = {
			isa = XCBuildConfiguration;
			buildSettings = {
				CODE_SIGN_STYLE = Automatic;
				INFOPLIST_FILE = TestUITests/Info.plist;
				LD_RUNPATH_SEARCH_PATHS = (
					"$(inherited)",
					"@executable_path/Frameworks",
					"@loader_path/Frameworks",
				);
				PRODUCT_BUNDLE_IDENTIFIER = com.ingageapp.TestUITests;
				PRODUCT_NAME = "$(TARGET_NAME)";
				TARGETED_DEVICE_FAMILY = "1,2";
				TEST_TARGET_NAME = Test;
			};
			name = Release;
		};
/* End XCBuildConfiguration section */

/* Begin XCConfigurationList section */
		18C355E92123274700B08750 /* Build configuration list for PBXProject "Test" */ = {
			isa = XCConfigurationList;
			buildConfigurations = (
				18C356182123274800B08750 /* Debug */,
				18C356192123274800B08750 /* Release */,
			);
			defaultConfigurationIsVisible = 0;
			defaultConfigurationName = Release;
		};
		18C3561A2123274800B08750 /* Build configuration list for PBXNativeTarget "Test" */ = {
			isa = XCConfigurationList;
			buildConfigurations = (
				18C3561B2123274800B08750 /* Debug */,
				18C3561C2123274800B08750 /* Release */,
			);
			defaultConfigurationIsVisible = 0;
			defaultConfigurationName = Release;
		};
		18C3561D2123274800B08750 /* Build configuration list for PBXNativeTarget "TestTests" */ = {
			isa = XCConfigurationList;
			buildConfigurations = (
				18C3561E2123274800B08750 /* Debug */,
				18C3561F2123274800B08750 /* Release */,
			);
			defaultConfigurationIsVisible = 0;
			defaultConfigurationName = Release;
		};
		18C356202123274800B08750 /* Build configuration list for PBXNativeTarget "TestUITests" */ = {
			isa = XCConfigurationList;
			buildConfigurations = (
				18C356212123274800B08750 /* Debug */,
				18C356222123274800B08750 /* Release */,
			);
			defaultConfigurationIsVisible = 0;
			defaultConfigurationName = Release;
		};
/* End XCConfigurationList section */
	};
	rootObject = 18C355E62123274700B08750 /* Project object */;
}
